
Microsoft Visual Studio Solution File, Format Version 12.00
# Visual Studio 15
VisualStudioVersion = 15.0.28307.779
MinimumVisualStudioVersion = 10.0.40219.1
Project("{FAE04EC0-301F-11D3-BF4B-00C04F79EFBC}") = "UniFiPortal", "UniFiPortal\UniFiPortal.csproj", "{6B1D14B8-3F82-48D5-9EA6-E642AB447BC4}"
EndProject
Project("{FAE04EC0-301F-11D3-BF4B-00C04F79EFBC}") = "UnfiConnect", "UnfiConnect\UnfiConnect.csproj", "{5951C7CD-D3C0-4C3A-B4AE-F19E75BF7683}"
EndProject
Global
	GlobalSection(SolutionConfigurationPlatforms) = preSolution
		Debug|Any CPU = Debug|Any CPU
		Release|Any CPU = Release|Any CPU
	EndGlobalSection
	GlobalSection(ProjectConfigurationPlatforms) = postSolution
		{6B1D14B8-3F82-48D5-9EA6-E642AB447BC4}.Debug|Any CPU.ActiveCfg = Debug|Any CPU
		{6B1D14B8-3F82-48D5-9EA6-E642AB447BC4}.Debug|Any CPU.Build.0 = Debug|Any CPU
		{6B1D14B8-3F82-48D5-9EA6-E642AB447BC4}.Release|Any CPU.ActiveCfg = Release|Any CPU
		{6B1D14B8-3F82-48D5-9EA6-E642AB447BC4}.Release|Any CPU.Build.0 = Release|Any CPU
		{5951C7CD-D3C0-4C3A-B4AE-F19E75BF7683}.Debug|Any CPU.ActiveCfg = Debug|Any CPU
		{5951C7CD-D3C0-4C3A-B4AE-F19E75BF7683}.Debug|Any CPU.Build.0 = Debug|Any CPU
		{5951C7CD-D3C0-4C3A-B4AE-F19E75BF7683}.Release|Any CPU.ActiveCfg = Release|Any CPU
		{5951C7CD-D3C0-4C3A-B4AE-F19E75BF7683}.Release|Any CPU.Build.0 = Release|Any CPU
	EndGlobalSection
	GlobalSection(SolutionProperties) = preSolution
		HideSolutionNode = FALSE
	EndGlobalSection
	GlobalSection(ExtensibilityGlobals) = postSolution
		SolutionGuid = {6602EF1B-6F7D-496E-9D33-F8A59DF13B52}
	EndGlobalSection
EndGlobal
